
Microsoft Visual Studio Solution File, Format Version 12.00
# Visual Studio Version 17
VisualStudioVersion = 17.13.35913.81 d17.13
MinimumVisualStudioVersion = 10.0.40219.1
Project("{FAE04EC0-301F-11D3-BF4B-00C04F79EFBC}") = "Sacurt.LoadBalancer", "Sacurt.LoadBalancer\Sacurt.LoadBalancer.csproj", "{ED75DFFE-33B8-47EF-BE14-180CACF41C88}"
EndProject
Project("{FAE04EC0-301F-11D3-BF4B-00C04F79EFBC}") = "Sacurt.LoadBalancer.Tests", "Sacurt.LoadBalancer.Tests\Sacurt.LoadBalancer.Tests.csproj", "{DA5B3ABB-04A0-48AA-A2A8-0A06C56063FF}"
EndProject
Global
	GlobalSection(SolutionConfigurationPlatforms) = preSolution
		Debug|Any CPU = Debug|Any CPU
		Release|Any CPU = Release|Any CPU
	EndGlobalSection
	GlobalSection(ProjectConfigurationPlatforms) = postSolution
		{ED75DFFE-33B8-47EF-BE14-180CACF41C88}.Debug|Any CPU.ActiveCfg = Debug|Any CPU
		{ED75DFFE-33B8-47EF-BE14-180CACF41C88}.Debug|Any CPU.Build.0 = Debug|Any CPU
		{ED75DFFE-33B8-47EF-BE14-180CACF41C88}.Release|Any CPU.ActiveCfg = Release|Any CPU
		{ED75DFFE-33B8-47EF-BE14-180CACF41C88}.Release|Any CPU.Build.0 = Release|Any CPU
		{DA5B3ABB-04A0-48AA-A2A8-0A06C56063FF}.Debug|Any CPU.ActiveCfg = Debug|Any CPU
		{DA5B3ABB-04A0-48AA-A2A8-0A06C56063FF}.Debug|Any CPU.Build.0 = Debug|Any CPU
		{DA5B3ABB-04A0-48AA-A2A8-0A06C56063FF}.Release|Any CPU.ActiveCfg = Release|Any CPU
		{DA5B3ABB-04A0-48AA-A2A8-0A06C56063FF}.Release|Any CPU.Build.0 = Release|Any CPU
	EndGlobalSection
	GlobalSection(SolutionProperties) = preSolution
		HideSolutionNode = FALSE
	EndGlobalSection
	GlobalSection(ExtensibilityGlobals) = postSolution
		SolutionGuid = {A5EE66EB-EFF2-4BAF-BBEC-B5EADD7991C0}
	EndGlobalSection
EndGlobal
